
Microsoft Visual Studio Solution File, Format Version 12.00
# Visual Studio Version 17
VisualStudioVersion = 17.14.36616.10 d17.14
MinimumVisualStudioVersion = 10.0.40219.1
Project("{FAE04EC0-301F-11D3-BF4B-00C04F79EFBC}") = "Shishkina_bilet12", "Shishkina_bilet12.csproj", "{B77C764C-871C-4BDF-A318-7511BFC1E884}"
EndProject
Project("{FAE04EC0-301F-11D3-BF4B-00C04F79EFBC}") = "UnitTestProject1", "UnitTestProject1\UnitTestProject1.csproj", "{83418B1A-4866-4761-93AD-5A7CA2DB1275}"
EndProject
Global
	GlobalSection(SolutionConfigurationPlatforms) = preSolution
		Debug|Any CPU = Debug|Any CPU
		Release|Any CPU = Release|Any CPU
	EndGlobalSection
	GlobalSection(ProjectConfigurationPlatforms) = postSolution
		{B77C764C-871C-4BDF-A318-7511BFC1E884}.Debug|Any CPU.ActiveCfg = Debug|Any CPU
		{B77C764C-871C-4BDF-A318-7511BFC1E884}.Debug|Any CPU.Build.0 = Debug|Any CPU
		{B77C764C-871C-4BDF-A318-7511BFC1E884}.Release|Any CPU.ActiveCfg = Release|Any CPU
		{B77C764C-871C-4BDF-A318-7511BFC1E884}.Release|Any CPU.Build.0 = Release|Any CPU
		{83418B1A-4866-4761-93AD-5A7CA2DB1275}.Debug|Any CPU.ActiveCfg = Debug|Any CPU
		{83418B1A-4866-4761-93AD-5A7CA2DB1275}.Debug|Any CPU.Build.0 = Debug|Any CPU
		{83418B1A-4866-4761-93AD-5A7CA2DB1275}.Release|Any CPU.ActiveCfg = Release|Any CPU
		{83418B1A-4866-4761-93AD-5A7CA2DB1275}.Release|Any CPU.Build.0 = Release|Any CPU
	EndGlobalSection
	GlobalSection(SolutionProperties) = preSolution
		HideSolutionNode = FALSE
	EndGlobalSection
	GlobalSection(ExtensibilityGlobals) = postSolution
		SolutionGuid = {09AAA529-DDC9-47BF-88BA-85FA1BEFB0F0}
	EndGlobalSection
EndGlobal
